
Microsoft Visual Studio Solution File, Format Version 12.00
# Visual Studio Version 17
VisualStudioVersion = 17.0.31919.166
MinimumVisualStudioVersion = 10.0.40219.1
Project("{9A19103F-16F7-4668-BE54-9A1E7A4F7556}") = "day_one", "day_one\day_one.csproj", "{EB13C746-5E29-4513-B765-54F49BA3EFCB}"
EndProject
Project("{9A19103F-16F7-4668-BE54-9A1E7A4F7556}") = "day_two", "day_two\day_two.csproj", "{6B377F9C-83B8-4D0F-B302-924E95EAD30B}"
EndProject
Project("{9A19103F-16F7-4668-BE54-9A1E7A4F7556}") = "day_three", "day_three\day_three.csproj", "{17BA7B36-6DA5-45DA-8AD7-0EECF2653451}"
EndProject
Project("{9A19103F-16F7-4668-BE54-9A1E7A4F7556}") = "day_four", "day_four\day_four.csproj", "{2B3FBFFD-1542-4924-9482-93DB1ACBB4AB}"
EndProject
Project("{FAE04EC0-301F-11D3-BF4B-00C04F79EFBC}") = "day_five", "day_five\day_five.csproj", "{42DF387E-FDC2-40B8-9122-C6172C905665}"
EndProject
Global
	GlobalSection(SolutionConfigurationPlatforms) = preSolution
		Debug|Any CPU = Debug|Any CPU
		Release|Any CPU = Release|Any CPU
	EndGlobalSection
	GlobalSection(ProjectConfigurationPlatforms) = postSolution
		{EB13C746-5E29-4513-B765-54F49BA3EFCB}.Debug|Any CPU.ActiveCfg = Debug|Any CPU
		{EB13C746-5E29-4513-B765-54F49BA3EFCB}.Debug|Any CPU.Build.0 = Debug|Any CPU
		{EB13C746-5E29-4513-B765-54F49BA3EFCB}.Release|Any CPU.ActiveCfg = Release|Any CPU
		{EB13C746-5E29-4513-B765-54F49BA3EFCB}.Release|Any CPU.Build.0 = Release|Any CPU
		{6B377F9C-83B8-4D0F-B302-924E95EAD30B}.Debug|Any CPU.ActiveCfg = Debug|Any CPU
		{6B377F9C-83B8-4D0F-B302-924E95EAD30B}.Debug|Any CPU.Build.0 = Debug|Any CPU
		{6B377F9C-83B8-4D0F-B302-924E95EAD30B}.Release|Any CPU.ActiveCfg = Release|Any CPU
		{6B377F9C-83B8-4D0F-B302-924E95EAD30B}.Release|Any CPU.Build.0 = Release|Any CPU
		{17BA7B36-6DA5-45DA-8AD7-0EECF2653451}.Debug|Any CPU.ActiveCfg = Debug|Any CPU
		{17BA7B36-6DA5-45DA-8AD7-0EECF2653451}.Debug|Any CPU.Build.0 = Debug|Any CPU
		{17BA7B36-6DA5-45DA-8AD7-0EECF2653451}.Release|Any CPU.ActiveCfg = Release|Any CPU
		{17BA7B36-6DA5-45DA-8AD7-0EECF2653451}.Release|Any CPU.Build.0 = Release|Any CPU
		{2B3FBFFD-1542-4924-9482-93DB1ACBB4AB}.Debug|Any CPU.ActiveCfg = Debug|Any CPU
		{2B3FBFFD-1542-4924-9482-93DB1ACBB4AB}.Debug|Any CPU.Build.0 = Debug|Any CPU
		{2B3FBFFD-1542-4924-9482-93DB1ACBB4AB}.Release|Any CPU.ActiveCfg = Release|Any CPU
		{2B3FBFFD-1542-4924-9482-93DB1ACBB4AB}.Release|Any CPU.Build.0 = Release|Any CPU
		{42DF387E-FDC2-40B8-9122-C6172C905665}.Debug|Any CPU.ActiveCfg = Debug|Any CPU
		{42DF387E-FDC2-40B8-9122-C6172C905665}.Debug|Any CPU.Build.0 = Debug|Any CPU
		{42DF387E-FDC2-40B8-9122-C6172C905665}.Release|Any CPU.ActiveCfg = Release|Any CPU
		{42DF387E-FDC2-40B8-9122-C6172C905665}.Release|Any CPU.Build.0 = Release|Any CPU
	EndGlobalSection
	GlobalSection(SolutionProperties) = preSolution
		HideSolutionNode = FALSE
	EndGlobalSection
	GlobalSection(ExtensibilityGlobals) = postSolution
		SolutionGuid = {926C425E-A50C-45CD-AFCA-A914C48FDB1B}
	EndGlobalSection
EndGlobal
